// !$*UTF8*$!
{
	archiveVersion = 1;
	classes = {
	};
	objectVersion = 50;
	objects = {

/* Begin PBXBuildFile section */
		D4902869221D107E00A88969 /* AppDelegate.swift in Sources */ = {isa = PBXBuildFile; fileRef = D4902868221D107E00A88969 /* AppDelegate.swift */; };
		D490286B221D107E00A88969 /* ViewController.swift in Sources */ = {isa = PBXBuildFile; fileRef = D490286A221D107E00A88969 /* ViewController.swift */; };
		D490286E221D107E00A88969 /* Main.storyboard in Resources */ = {isa = PBXBuildFile; fileRef = D490286C221D107E00A88969 /* Main.storyboard */; };
		D4902870221D108000A88969 /* Assets.xcassets in Resources */ = {isa = PBXBuildFile; fileRef = D490286F221D108000A88969 /* Assets.xcassets */; };
		D4902873221D108000A88969 /* LaunchScreen.storyboard in Resources */ = {isa = PBXBuildFile; fileRef = D4902871221D108000A88969 /* LaunchScreen.storyboard */; };
		D490287E221D108100A88969 /* testTests.swift in Sources */ = {isa = PBXBuildFile; fileRef = D490287D221D108100A88969 /* testTests.swift */; };
		D4902889221D108100A88969 /* testUITests.swift in Sources */ = {isa = PBXBuildFile; fileRef = D4902888221D108100A88969 /* testUITests.swift */; };
/* End PBXBuildFile section */

/* Begin PBXContainerItemProxy section */
		D490287A221D108100A88969 /* PBXContainerItemProxy */ = {
			isa = PBXContainerItemProxy;
			containerPortal = D490285D221D107E00A88969 /* Project object */;
			proxyType = 1;
			remoteGlobalIDString = D4902864221D107E00A88969;
			remoteInfo = test;
		};
		D4902885221D108100A88969 /* PBXContainerItemProxy */ = {
			isa = PBXContainerItemProxy;
			containerPortal = D490285D221D107E00A88969 /* Project object */;
			proxyType = 1;
			remoteGlobalIDString = D4902864221D107E00A88969;
			remoteInfo = test;
		};
/* End PBXContainerItemProxy section */

/* Begin PBXFileReference section */
		D4902865221D107E00A88969 /* test.app */ = {isa = PBXFileReference; explicitFileType = wrapper.application; includeInIndex = 0; path = test.app; sourceTree = BUILT_PRODUCTS_DIR; };
		D4902868221D107E00A88969 /* AppDelegate.swift */ = {isa = PBXFileReference; lastKnownFileType = sourcecode.swift; path = AppDelegate.swift; sourceTree = "<group>"; };
		D490286A221D107E00A88969 /* ViewController.swift */ = {isa = PBXFileReference; lastKnownFileType = sourcecode.swift; path = ViewController.swift; sourceTree = "<group>"; };
		D490286D221D107E00A88969 /* Base */ = {isa = PBXFileReference; lastKnownFileType = file.storyboard; name = Base; path = Base.lproj/Main.storyboard; sourceTree = "<group>"; };
		D490286F221D108000A88969 /* Assets.xcassets */ = {isa = PBXFileReference; lastKnownFileType = folder.assetcatalog; path = Assets.xcassets; sourceTree = "<group>"; };
		D4902872221D108000A88969 /* Base */ = {isa = PBXFileReference; lastKnownFileType = file.storyboard; name = Base; path = Base.lproj/LaunchScreen.storyboard; sourceTree = "<group>"; };
		D4902874221D108000A88969 /* Info.plist */ = {isa = PBXFileReference; lastKnownFileType = text.plist.xml; path = Info.plist; sourceTree = "<group>"; };
		D4902879221D108100A88969 /* testTests.xctest */ = {isa = PBXFileReference; explicitFileType = wrapper.cfbundle; includeInIndex = 0; path = testTests.xctest; sourceTree = BUILT_PRODUCTS_DIR; };
		D490287D221D108100A88969 /* testTests.swift */ = {isa = PBXFileReference; lastKnownFileType = sourcecode.swift; path = testTests.swift; sourceTree = "<group>"; };
		D490287F221D108100A88969 /* Info.plist */ = {isa = PBXFileReference; lastKnownFileType = text.plist.xml; path = Info.plist; sourceTree = "<group>"; };
		D4902884221D108100A88969 /* testUITests.xctest */ = {isa = PBXFileReference; explicitFileType = wrapper.cfbundle; includeInIndex = 0; path = testUITests.xctest; sourceTree = BUILT_PRODUCTS_DIR; };
		D4902888221D108100A88969 /* testUITests.swift */ = {isa = PBXFileReference; lastKnownFileType = sourcecode.swift; path = testUITests.swift; sourceTree = "<group>"; };
		D490288A221D108100A88969 /* Info.plist */ = {isa = PBXFileReference; lastKnownFileType = text.plist.xml; path = Info.plist; sourceTree = "<group>"; };
/* End PBXFileReference section */

/* Begin PBXFrameworksBuildPhase section */
		D4902862221D107E00A88969 /* Frameworks */ = {
			isa = PBXFrameworksBuildPhase;
			buildActionMask = 2147483647;
			files = (
			);
			runOnlyForDeploymentPostprocessing = 0;
		};
		D4902876221D108100A88969 /* Frameworks */ = {
			isa = PBXFrameworksBuildPhase;
			buildActionMask = 2147483647;
			files = (
			);
			runOnlyForDeploymentPostprocessing = 0;
		};
		D4902881221D108100A88969 /* Frameworks */ = {
			isa = PBXFrameworksBuildPhase;
			buildActionMask = 2147483647;
			files = (
			);
			runOnlyForDeploymentPostprocessing = 0;
		};
/* End PBXFrameworksBuildPhase section */

/* Begin PBXGroup section */
		D490285C221D107E00A88969 = {
			isa = PBXGroup;
			children = (
				D4902867221D107E00A88969 /* test */,
				D490287C221D108100A88969 /* testTests */,
				D4902887221D108100A88969 /* testUITests */,
				D4902866221D107E00A88969 /* Products */,
			);
			sourceTree = "<group>";
		};
		D4902866221D107E00A88969 /* Products */ = {
			isa = PBXGroup;
			children = (
				D4902865221D107E00A88969 /* test.app */,
				D4902879221D108100A88969 /* testTests.xctest */,
				D4902884221D108100A88969 /* testUITests.xctest */,
			);
			name = Products;
			sourceTree = "<group>";
		};
		D4902867221D107E00A88969 /* test */ = {
			isa = PBXGroup;
			children = (
				D4902868221D107E00A88969 /* AppDelegate.swift */,
				D490286A221D107E00A88969 /* ViewController.swift */,
				D490286C221D107E00A88969 /* Main.storyboard */,
				D490286F221D108000A88969 /* Assets.xcassets */,
				D4902871221D108000A88969 /* LaunchScreen.storyboard */,
				D4902874221D108000A88969 /* Info.plist */,
			);
			path = test;
			sourceTree = "<group>";
		};
		D490287C221D108100A88969 /* testTests */ = {
			isa = PBXGroup;
			children = (
				D490287D221D108100A88969 /* testTests.swift */,
				D490287F221D108100A88969 /* Info.plist */,
			);
			path = testTests;
			sourceTree = "<group>";
		};
		D4902887221D108100A88969 /* testUITests */ = {
			isa = PBXGroup;
			children = (
				D4902888221D108100A88969 /* testUITests.swift */,
				D490288A221D108100A88969 /* Info.plist */,
			);
			path = testUITests;
			sourceTree = "<group>";
		};
/* End PBXGroup section */

/* Begin PBXNativeTarget section */
		D4902864221D107E00A88969 /* test */ = {
			isa = PBXNativeTarget;
			buildConfigurationList = D490288D221D108100A88969 /* Build configuration list for PBXNativeTarget "test" */;
			buildPhases = (
				D4902861221D107E00A88969 /* Sources */,
				D4902862221D107E00A88969 /* Frameworks */,
				D4902863221D107E00A88969 /* Resources */,
			);
			buildRules = (
			);
			dependencies = (
			);
			name = test;
			productName = test;
			productReference = D4902865221D107E00A88969 /* test.app */;
			productType = "com.apple.product-type.application";
		};
		D4902878221D108100A88969 /* testTests */ = {
			isa = PBXNativeTarget;
			buildConfigurationList = D4902890221D108100A88969 /* Build configuration list for PBXNativeTarget "testTests" */;
			buildPhases = (
				D4902875221D108100A88969 /* Sources */,
				D4902876221D108100A88969 /* Frameworks */,
				D4902877221D108100A88969 /* Resources */,
			);
			buildRules = (
			);
			dependencies = (
				D490287B221D108100A88969 /* PBXTargetDependency */,
			);
			name = testTests;
			productName = testTests;
			productReference = D4902879221D108100A88969 /* testTests.xctest */;
			productType = "com.apple.product-type.bundle.unit-test";
		};
		D4902883221D108100A88969 /* testUITests */ = {
			isa = PBXNativeTarget;
			buildConfigurationList = D4902893221D108100A88969 /* Build configuration list for PBXNativeTarget "testUITests" */;
			buildPhases = (
				D4902880221D108100A88969 /* Sources */,
				D4902881221D108100A88969 /* Frameworks */,
				D4902882221D108100A88969 /* Resources */,
			);
			buildRules = (
			);
			dependencies = (
				D4902886221D108100A88969 /* PBXTargetDependency */,
			);
			name = testUITests;
			productName = testUITests;
			productReference = D4902884221D108100A88969 /* testUITests.xctest */;
			productType = "com.apple.product-type.bundle.ui-testing";
		};
/* End PBXNativeTarget section */

/* Begin PBXProject section */
		D490285D221D107E00A88969 /* Project object */ = {
			isa = PBXProject;
			attributes = {
				LastSwiftUpdateCheck = 1010;
				LastUpgradeCheck = 1010;
				ORGANIZATIONNAME = test_name;
				TargetAttributes = {
					D4902864221D107E00A88969 = {
						CreatedOnToolsVersion = 10.1;
					};
					D4902878221D108100A88969 = {
						CreatedOnToolsVersion = 10.1;
						TestTargetID = D4902864221D107E00A88969;
					};
					D4902883221D108100A88969 = {
						CreatedOnToolsVersion = 10.1;
						TestTargetID = D4902864221D107E00A88969;
					};
				};
			};
			buildConfigurationList = D4902860221D107E00A88969 /* Build configuration list for PBXProject "test" */;
			compatibilityVersion = "Xcode 9.3";
			developmentRegion = en;
			hasScannedForEncodings = 0;
			knownRegions = (
				en,
				Base,
			);
			mainGroup = D490285C221D107E00A88969;
			productRefGroup = D4902866221D107E00A88969 /* Products */;
			projectDirPath = "";
			projectRoot = "";
			targets = (
				D4902864221D107E00A88969 /* test */,
				D4902878221D108100A88969 /* testTests */,
				D4902883221D108100A88969 /* testUITests */,
			);
		};
/* End PBXProject section */

/* Begin PBXResourcesBuildPhase section */
		D4902863221D107E00A88969 /* Resources */ = {
			isa = PBXResourcesBuildPhase;
			buildActionMask = 2147483647;
			files = (
				D4902873221D108000A88969 /* LaunchScreen.storyboard in Resources */,
				D4902870221D108000A88969 /* Assets.xcassets in Resources */,
				D490286E221D107E00A88969 /* Main.storyboard in Resources */,
			);
			runOnlyForDeploymentPostprocessing = 0;
		};
		D4902877221D108100A88969 /* Resources */ = {
			isa = PBXResourcesBuildPhase;
			buildActionMask = 2147483647;
			files = (
			);
			runOnlyForDeploymentPostprocessing = 0;
		};
		D4902882221D108100A88969 /* Resources */ = {
			isa = PBXResourcesBuildPhase;
			buildActionMask = 2147483647;
			files = (
			);
			runOnlyForDeploymentPostprocessing = 0;
		};
/* End PBXResourcesBuildPhase section */

/* Begin PBXSourcesBuildPhase section */
		D4902861221D107E00A88969 /* Sources */ = {
			isa = PBXSourcesBuildPhase;
			buildActionMask = 2147483647;
			files = (
				D490286B221D107E00A88969 /* ViewController.swift in Sources */,
				D4902869221D107E00A88969 /* AppDelegate.swift in Sources */,
			);
			runOnlyForDeploymentPostprocessing = 0;
		};
		D4902875221D108100A88969 /* Sources */ = {
			isa = PBXSourcesBuildPhase;
			buildActionMask = 2147483647;
			files = (
				D490287E221D108100A88969 /* testTests.swift in Sources */,
			);
			runOnlyForDeploymentPostprocessing = 0;
		};
		D4902880221D108100A88969 /* Sources */ = {
			isa = PBXSourcesBuildPhase;
			buildActionMask = 2147483647;
			files = (
				D4902889221D108100A88969 /* testUITests.swift in Sources */,
			);
			runOnlyForDeploymentPostprocessing = 0;
		};
/* End PBXSourcesBuildPhase section */

/* Begin PBXTargetDependency section */
		D490287B221D108100A88969 /* PBXTargetDependency */ = {
			isa = PBXTargetDependency;
			target = D4902864221D107E00A88969 /* test */;
			targetProxy = D490287A221D108100A88969 /* PBXContainerItemProxy */;
		};
		D4902886221D108100A88969 /* PBXTargetDependency */ = {
			isa = PBXTargetDependency;
			target = D4902864221D107E00A88969 /* test */;
			targetProxy = D4902885221D108100A88969 /* PBXContainerItemProxy */;
		};
/* End PBXTargetDependency section */

/* Begin PBXVariantGroup section */
		D490286C221D107E00A88969 /* Main.storyboard */ = {
			isa = PBXVariantGroup;
			children = (
				D490286D221D107E00A88969 /* Base */,
			);
			name = Main.storyboard;
			sourceTree = "<group>";
		};
		D4902871221D108000A88969 /* LaunchScreen.storyboard */ = {
			isa = PBXVariantGroup;
			children = (
				D4902872221D108000A88969 /* Base */,
			);
			name = LaunchScreen.storyboard;
			sourceTree = "<group>";
		};
/* End PBXVariantGroup section */

/* Begin XCBuildConfiguration section */
		D490288B221D108100A88969 /* Debug */ = {
			isa = XCBuildConfiguration;
			buildSettings = {
				ALWAYS_SEARCH_USER_PATHS = NO;
				CLANG_ANALYZER_NONNULL = YES;
				CLANG_ANALYZER_NUMBER_OBJECT_CONVERSION = YES_AGGRESSIVE;
				CLANG_CXX_LANGUAGE_STANDARD = "gnu++14";
				CLANG_CXX_LIBRARY = "libc++";
				CLANG_ENABLE_MODULES = YES;
				CLANG_ENABLE_OBJC_ARC = YES;
				CLANG_ENABLE_OBJC_WEAK = YES;
				CLANG_WARN_BLOCK_CAPTURE_AUTORELEASING = YES;
				CLANG_WARN_BOOL_CONVERSION = YES;
				CLANG_WARN_COMMA = YES;
				CLANG_WARN_CONSTANT_CONVERSION = YES;
				CLANG_WARN_DEPRECATED_OBJC_IMPLEMENTATIONS = YES;
				CLANG_WARN_DIRECT_OBJC_ISA_USAGE = YES_ERROR;
				CLANG_WARN_DOCUMENTATION_COMMENTS = YES;
				CLANG_WARN_EMPTY_BODY = YES;
				CLANG_WARN_ENUM_CONVERSION = YES;
				CLANG_WARN_INFINITE_RECURSION = YES;
				CLANG_WARN_INT_CONVERSION = YES;
				CLANG_WARN_NON_LITERAL_NULL_CONVERSION = YES;
				CLANG_WARN_OBJC_IMPLICIT_RETAIN_SELF = YES;
				CLANG_WARN_OBJC_LITERAL_CONVERSION = YES;
				CLANG_WARN_OBJC_ROOT_CLASS = YES_ERROR;
				CLANG_WARN_RANGE_LOOP_ANALYSIS = YES;
				CLANG_WARN_STRICT_PROTOTYPES = YES;
				CLANG_WARN_SUSPICIOUS_MOVE = YES;
				CLANG_WARN_UNGUARDED_AVAILABILITY = YES_AGGRESSIVE;
				CLANG_WARN_UNREACHABLE_CODE = YES;
				CLANG_WARN__DUPLICATE_METHOD_MATCH = YES;
				CODE_SIGN_IDENTITY = "iPhone Developer";
				COPY_PHASE_STRIP = NO;
				DEBUG_INFORMATION_FORMAT = dwarf;
				ENABLE_STRICT_OBJC_MSGSEND = YES;
				ENABLE_TESTABILITY = YES;
				GCC_C_LANGUAGE_STANDARD = gnu11;
				GCC_DYNAMIC_NO_PIC = NO;
				GCC_NO_COMMON_BLOCKS = YES;
				GCC_OPTIMIZATION_LEVEL = 0;
				GCC_PREPROCESSOR_DEFINITIONS = (
					"DEBUG=1",
					"$(inherited)",
				);
				GCC_WARN_64_TO_32_BIT_CONVERSION = YES;
				GCC_WARN_ABOUT_RETURN_TYPE = YES_ERROR;
				GCC_WARN_UNDECLARED_SELECTOR = YES;
				GCC_WARN_UNINITIALIZED_AUTOS = YES_AGGRESSIVE;
				GCC_WARN_UNUSED_FUNCTION = YES;
				GCC_WARN_UNUSED_VARIABLE = YES;
				IPHONEOS_DEPLOYMENT_TARGET = 12.1;
				MTL_ENABLE_DEBUG_INFO = INCLUDE_SOURCE;
				MTL_FAST_MATH = YES;
				ONLY_ACTIVE_ARCH = YES;
				SDKROOT = iphoneos;
				SWIFT_ACTIVE_COMPILATION_CONDITIONS = DEBUG;
				SWIFT_OPTIMIZATION_LEVEL = "-Onone";
			};
			name = Debug;
		};
		D490288C221D108100A88969 /* Release */ = {
			isa = XCBuildConfiguration;
			buildSettings = {
				ALWAYS_SEARCH_USER_PATHS = NO;
				CLANG_ANALYZER_NONNULL = YES;
				CLANG_ANALYZER_NUMBER_OBJECT_CONVERSION = YES_AGGRESSIVE;
				CLANG_CXX_LANGUAGE_STANDARD = "gnu++14";
				CLANG_CXX_LIBRARY = "libc++";
				CLANG_ENABLE_MODULES = YES;
				CLANG_ENABLE_OBJC_ARC = YES;
				CLANG_ENABLE_OBJC_WEAK = YES;
				CLANG_WARN_BLOCK_CAPTURE_AUTORELEASING = YES;
				CLANG_WARN_BOOL_CONVERSION = YES;
				CLANG_WARN_COMMA = YES;
				CLANG_WARN_CONSTANT_CONVERSION = YES;
				CLANG_WARN_DEPRECATED_OBJC_IMPLEMENTATIONS = YES;
				CLANG_WARN_DIRECT_OBJC_ISA_USAGE = YES_ERROR;
				CLANG_WARN_DOCUMENTATION_COMMENTS = YES;
				CLANG_WARN_EMPTY_BODY = YES;
				CLANG_WARN_ENUM_CONVERSION = YES;
				CLANG_WARN_INFINITE_RECURSION = YES;
				CLANG_WARN_INT_CONVERSION = YES;
				CLANG_WARN_NON_LITERAL_NULL_CONVERSION = YES;
				CLANG_WARN_OBJC_IMPLICIT_RETAIN_SELF = YES;
				CLANG_WARN_OBJC_LITERAL_CONVERSION = YES;
				CLANG_WARN_OBJC_ROOT_CLASS = YES_ERROR;
				CLANG_WARN_RANGE_LOOP_ANALYSIS = YES;
				CLANG_WARN_STRICT_PROTOTYPES = YES;
				CLANG_WARN_SUSPICIOUS_MOVE = YES;
				CLANG_WARN_UNGUARDED_AVAILABILITY = YES_AGGRESSIVE;
				CLANG_WARN_UNREACHABLE_CODE = YES;
				CLANG_WARN__DUPLICATE_METHOD_MATCH = YES;
				CODE_SIGN_IDENTITY = "iPhone Developer";
				COPY_PHASE_STRIP = NO;
				DEBUG_INFORMATION_FORMAT = "dwarf-with-dsym";
				ENABLE_NS_ASSERTIONS = NO;
				ENABLE_STRICT_OBJC_MSGSEND = YES;
				GCC_C_LANGUAGE_STANDARD = gnu11;
				GCC_NO_COMMON_BLOCKS = YES;
				GCC_WARN_64_TO_32_BIT_CONVERSION = YES;
				GCC_WARN_ABOUT_RETURN_TYPE = YES_ERROR;
				GCC_WARN_UNDECLARED_SELECTOR = YES;
				GCC_WARN_UNINITIALIZED_AUTOS = YES_AGGRESSIVE;
				GCC_WARN_UNUSED_FUNCTION = YES;
				GCC_WARN_UNUSED_VARIABLE = YES;
				IPHONEOS_DEPLOYMENT_TARGET = 12.1;
				MTL_ENABLE_DEBUG_INFO = NO;
				MTL_FAST_MATH = YES;
				SDKROOT = iphoneos;
				SWIFT_COMPILATION_MODE = wholemodule;
				SWIFT_OPTIMIZATION_LEVEL = "-O";
				VALIDATE_PRODUCT = YES;
			};
			name = Release;
		};
		D490288E221D108100A88969 /* Debug */ = {
			isa = XCBuildConfiguration;
			buildSettings = {
				ASSETCATALOG_COMPILER_APPICON_NAME = AppIcon;
				CODE_SIGN_STYLE = Automatic;
				INFOPLIST_FILE = test/Info.plist;
				LD_RUNPATH_SEARCH_PATHS = (
					"$(inherited)",
					"@executable_path/Frameworks",
				);
				PRODUCT_BUNDLE_IDENTIFIER = com.githut.JoeyYuas.test;
				PRODUCT_NAME = "$(TARGET_NAME)";
				SWIFT_VERSION = 4.2;
				TARGETED_DEVICE_FAMILY = "1,2";
			};
			name = Debug;
		};
		D490288F221D108100A88969 /* Release */ = {
			isa = XCBuildConfiguration;
			buildSettings = {
				ASSETCATALOG_COMPILER_APPICON_NAME = AppIcon;
				CODE_SIGN_STYLE = Automatic;
				INFOPLIST_FILE = test/Info.plist;
				LD_RUNPATH_SEARCH_PATHS = (
					"$(inherited)",
					"@executable_path/Frameworks",
				);
				PRODUCT_BUNDLE_IDENTIFIER = com.githut.JoeyYuas.test;
				PRODUCT_NAME = "$(TARGET_NAME)";
				SWIFT_VERSION = 4.2;
				TARGETED_DEVICE_FAMILY = "1,2";
			};
			name = Release;
		};
		D4902891221D108100A88969 /* Debug */ = {
			isa = XCBuildConfiguration;
			buildSettings = {
				ALWAYS_EMBED_SWIFT_STANDARD_LIBRARIES = YES;
				BUNDLE_LOADER = "$(TEST_HOST)";
				CODE_SIGN_STYLE = Automatic;
				INFOPLIST_FILE = testTests/Info.plist;
				LD_RUNPATH_SEARCH_PATHS = (
					"$(inherited)",
					"@executable_path/Frameworks",
					"@loader_path/Frameworks",
				);
				PRODUCT_BUNDLE_IDENTIFIER = com.githut.JoeyYuas.testTests;
				PRODUCT_NAME = "$(TARGET_NAME)";
				SWIFT_VERSION = 4.2;
				TARGETED_DEVICE_FAMILY = "1,2";
				TEST_HOST = "$(BUILT_PRODUCTS_DIR)/test.app/test";
			};
			name = Debug;
		};
		D4902892221D108100A88969 /* Release */ = {
			isa = XCBuildConfiguration;
			buildSettings = {
				ALWAYS_EMBED_SWIFT_STANDARD_LIBRARIES = YES;
				BUNDLE_LOADER = "$(TEST_HOST)";
				CODE_SIGN_STYLE = Automatic;
				INFOPLIST_FILE = testTests/Info.plist;
				LD_RUNPATH_SEARCH_PATHS = (
					"$(inherited)",
					"@executable_path/Frameworks",
					"@loader_path/Frameworks",
				);
				PRODUCT_BUNDLE_IDENTIFIER = com.githut.JoeyYuas.testTests;
				PRODUCT_NAME = "$(TARGET_NAME)";
				SWIFT_VERSION = 4.2;
				TARGETED_DEVICE_FAMILY = "1,2";
				TEST_HOST = "$(BUILT_PRODUCTS_DIR)/test.app/test";
			};
			name = Release;
		};
		D4902894221D108100A88969 /* Debug */ = {
			isa = XCBuildConfiguration;
			buildSettings = {
				ALWAYS_EMBED_SWIFT_STANDARD_LIBRARIES = YES;
				CODE_SIGN_STYLE = Automatic;
				INFOPLIST_FILE = testUITests/Info.plist;
				LD_RUNPATH_SEARCH_PATHS = (
					"$(inherited)",
					"@executable_path/Frameworks",
					"@loader_path/Frameworks",
				);
				PRODUCT_BUNDLE_IDENTIFIER = com.githut.JoeyYuas.testUITests;
				PRODUCT_NAME = "$(TARGET_NAME)";
				SWIFT_VERSION = 4.2;
				TARGETED_DEVICE_FAMILY = "1,2";
				TEST_TARGET_NAME = test;
			};
			name = Debug;
		};
		D4902895221D108100A88969 /* Release */ = {
			isa = XCBuildConfiguration;
			buildSettings = {
				ALWAYS_EMBED_SWIFT_STANDARD_LIBRARIES = YES;
				CODE_SIGN_STYLE = Automatic;
				INFOPLIST_FILE = testUITests/Info.plist;
				LD_RUNPATH_SEARCH_PATHS = (
					"$(inherited)",
					"@executable_path/Frameworks",
					"@loader_path/Frameworks",
				);
				PRODUCT_BUNDLE_IDENTIFIER = com.githut.JoeyYuas.testUITests;
				PRODUCT_NAME = "$(TARGET_NAME)";
				SWIFT_VERSION = 4.2;
				TARGETED_DEVICE_FAMILY = "1,2";
				TEST_TARGET_NAME = test;
			};
			name = Release;
		};
/* End XCBuildConfiguration section */

/* Begin XCConfigurationList section */
		D4902860221D107E00A88969 /* Build configuration list for PBXProject "test" */ = {
			isa = XCConfigurationList;
			buildConfigurations = (
				D490288B221D108100A88969 /* Debug */,
				D490288C221D108100A88969 /* Release */,
			);
			defaultConfigurationIsVisible = 0;
			defaultConfigurationName = Release;
		};
		D490288D221D108100A88969 /* Build configuration list for PBXNativeTarget "test" */ = {
			isa = XCConfigurationList;
			buildConfigurations = (
				D490288E221D108100A88969 /* Debug */,
				D490288F221D108100A88969 /* Release */,
			);
			defaultConfigurationIsVisible = 0;
			defaultConfigurationName = Release;
		};
		D4902890221D108100A88969 /* Build configuration list for PBXNativeTarget "testTests" */ = {
			isa = XCConfigurationList;
			buildConfigurations = (
				D4902891221D108100A88969 /* Debug */,
				D4902892221D108100A88969 /* Release */,
			);
			defaultConfigurationIsVisible = 0;
			defaultConfigurationName = Release;
		};
		D4902893221D108100A88969 /* Build configuration list for PBXNativeTarget "testUITests" */ = {
			isa = XCConfigurationList;
			buildConfigurations = (
				D4902894221D108100A88969 /* Debug */,
				D4902895221D108100A88969 /* Release */,
			);
			defaultConfigurationIsVisible = 0;
			defaultConfigurationName = Release;
		};
/* End XCConfigurationList section */
	};
	rootObject = D490285D221D107E00A88969 /* Project object */;
}
